
Microsoft Visual Studio Solution File, Format Version 12.00
# Visual Studio Version 16
VisualStudioVersion = 16.0.31729.503
MinimumVisualStudioVersion = 10.0.40219.1
Project("{FAE04EC0-301F-11D3-BF4B-00C04F79EFBC}") = "Team801.Tibia2.Server", "Team801.Tibia2.Server\Team801.Tibia2.Server.csproj", "{F9D93000-4C71-43DB-9750-7FBA478B35A8}"
EndProject
Project("{FAE04EC0-301F-11D3-BF4B-00C04F79EFBC}") = "Team801.Tibia2.Common", "Team801.Tibia2.Common\Team801.Tibia2.Common.csproj", "{47CC07F4-5D53-477D-8649-7FD2FC5DB361}"
EndProject
Project("{FAE04EC0-301F-11D3-BF4B-00C04F79EFBC}") = "Team801.Tibia2.ConsoleClient", "Team801.Tibia2.ConsoleClient\Team801.Tibia2.ConsoleClient.csproj", "{AB2EC703-28F2-4042-9B93-355BA438E033}"
EndProject
Project("{FAE04EC0-301F-11D3-BF4B-00C04F79EFBC}") = "Team801.Tibia2.Client", "Team801.Tibia2.Client\Team801.Tibia2.Client.csproj", "{C6B6673D-DFD0-4C5B-9FB5-6A1E1DFF2380}"
EndProject
Global
	GlobalSection(SolutionConfigurationPlatforms) = preSolution
		Debug|Any CPU = Debug|Any CPU
		Release|Any CPU = Release|Any CPU
	EndGlobalSection
	GlobalSection(ProjectConfigurationPlatforms) = postSolution
		{F9D93000-4C71-43DB-9750-7FBA478B35A8}.Debug|Any CPU.ActiveCfg = Debug|Any CPU
		{F9D93000-4C71-43DB-9750-7FBA478B35A8}.Debug|Any CPU.Build.0 = Debug|Any CPU
		{F9D93000-4C71-43DB-9750-7FBA478B35A8}.Release|Any CPU.ActiveCfg = Release|Any CPU
		{F9D93000-4C71-43DB-9750-7FBA478B35A8}.Release|Any CPU.Build.0 = Release|Any CPU
		{47CC07F4-5D53-477D-8649-7FD2FC5DB361}.Debug|Any CPU.ActiveCfg = Debug|Any CPU
		{47CC07F4-5D53-477D-8649-7FD2FC5DB361}.Debug|Any CPU.Build.0 = Debug|Any CPU
		{47CC07F4-5D53-477D-8649-7FD2FC5DB361}.Release|Any CPU.ActiveCfg = Release|Any CPU
		{47CC07F4-5D53-477D-8649-7FD2FC5DB361}.Release|Any CPU.Build.0 = Release|Any CPU
		{AB2EC703-28F2-4042-9B93-355BA438E033}.Debug|Any CPU.ActiveCfg = Debug|Any CPU
		{AB2EC703-28F2-4042-9B93-355BA438E033}.Debug|Any CPU.Build.0 = Debug|Any CPU
		{AB2EC703-28F2-4042-9B93-355BA438E033}.Release|Any CPU.ActiveCfg = Release|Any CPU
		{AB2EC703-28F2-4042-9B93-355BA438E033}.Release|Any CPU.Build.0 = Release|Any CPU
		{C6B6673D-DFD0-4C5B-9FB5-6A1E1DFF2380}.Debug|Any CPU.ActiveCfg = Debug|Any CPU
		{C6B6673D-DFD0-4C5B-9FB5-6A1E1DFF2380}.Debug|Any CPU.Build.0 = Debug|Any CPU
		{C6B6673D-DFD0-4C5B-9FB5-6A1E1DFF2380}.Release|Any CPU.ActiveCfg = Release|Any CPU
		{C6B6673D-DFD0-4C5B-9FB5-6A1E1DFF2380}.Release|Any CPU.Build.0 = Release|Any CPU
	EndGlobalSection
	GlobalSection(SolutionProperties) = preSolution
		HideSolutionNode = FALSE
	EndGlobalSection
	GlobalSection(ExtensibilityGlobals) = postSolution
		SolutionGuid = {BCF59E5D-12A6-42EA-98CB-98081C80DEFC}
	EndGlobalSection
EndGlobal
