
Microsoft Visual Studio Solution File, Format Version 12.00
# Visual Studio 15
Project("{FAE04EC0-301F-11D3-BF4B-00C04F79EFBC}") = "Assembly-CSharp", "Assembly-CSharp.csproj", "{B2687CEF-A277-BBBB-FFBF-5F529A652EED}"
EndProject
Project("{FAE04EC0-301F-11D3-BF4B-00C04F79EFBC}") = "Team801.Tibia2.Common", "..\Team801.Tibia2.Common\Team801.Tibia2.Common.csproj", "{06ECE242-81B6-41B2-AC1C-75B750F4B7AF}"
EndProject
Project("{FAE04EC0-301F-11D3-BF4B-00C04F79EFBC}") = "Team801.Tibia2.Client", "..\Team801.Tibia2.Client\Team801.Tibia2.Client.csproj", "{63FCF9CB-ECE0-41CC-8F60-3EF72F94D8B1}"
EndProject
Global
	GlobalSection(SolutionConfigurationPlatforms) = preSolution
		Debug|Any CPU = Debug|Any CPU
		Release|Any CPU = Release|Any CPU
	EndGlobalSection
	GlobalSection(ProjectConfigurationPlatforms) = postSolution
		{B2687CEF-A277-BBBB-FFBF-5F529A652EED}.Debug|Any CPU.ActiveCfg = Debug|Any CPU
		{B2687CEF-A277-BBBB-FFBF-5F529A652EED}.Debug|Any CPU.Build.0 = Debug|Any CPU
		{B2687CEF-A277-BBBB-FFBF-5F529A652EED}.Release|Any CPU.ActiveCfg = Release|Any CPU
		{B2687CEF-A277-BBBB-FFBF-5F529A652EED}.Release|Any CPU.Build.0 = Release|Any CPU
		{06ECE242-81B6-41B2-AC1C-75B750F4B7AF}.Debug|Any CPU.ActiveCfg = Debug|Any CPU
		{06ECE242-81B6-41B2-AC1C-75B750F4B7AF}.Debug|Any CPU.Build.0 = Debug|Any CPU
		{06ECE242-81B6-41B2-AC1C-75B750F4B7AF}.Release|Any CPU.ActiveCfg = Release|Any CPU
		{06ECE242-81B6-41B2-AC1C-75B750F4B7AF}.Release|Any CPU.Build.0 = Release|Any CPU
		{63FCF9CB-ECE0-41CC-8F60-3EF72F94D8B1}.Debug|Any CPU.ActiveCfg = Debug|Any CPU
		{63FCF9CB-ECE0-41CC-8F60-3EF72F94D8B1}.Debug|Any CPU.Build.0 = Debug|Any CPU
		{63FCF9CB-ECE0-41CC-8F60-3EF72F94D8B1}.Release|Any CPU.ActiveCfg = Release|Any CPU
		{63FCF9CB-ECE0-41CC-8F60-3EF72F94D8B1}.Release|Any CPU.Build.0 = Release|Any CPU
	EndGlobalSection
	GlobalSection(SolutionProperties) = preSolution
		HideSolutionNode = FALSE
	EndGlobalSection
EndGlobal
